
Microsoft Visual Studio Solution File, Format Version 12.00
# Visual Studio Version 17
VisualStudioVersion = 17.0.31903.59
MinimumVisualStudioVersion = 10.0.40219.1
Project("{FAE04EC0-301F-11D3-BF4B-00C04F79EFBC}") = "SubZeroDev.WinGet", "SubZeroDev.WinGet\SubZeroDev.WinGet.csproj", "{975879D2-788F-4208-8A54-5DD20C714481}"
EndProject
Project("{FAE04EC0-301F-11D3-BF4B-00C04F79EFBC}") = "SubZeroDev.WinGet.Tests", "SubZeroDev.WinGet.Tests\SubZeroDev.WinGet.Tests.csproj", "{A928675B-756F-49A1-8ED0-A2E6688D2DC4}"
EndProject
Project("{FAE04EC0-301F-11D3-BF4B-00C04F79EFBC}") = "SubZeroDev.WinGet.Examples", "SubZeroDev.WinGet.Examples\SubZeroDev.WinGet.Examples.csproj", "{FB1746F7-0D6C-4DBF-8A01-816AA91ABFAD}"
EndProject
Global
	GlobalSection(SolutionConfigurationPlatforms) = preSolution
		Debug|Any CPU = Debug|Any CPU
		Debug|ARM64 = Debug|ARM64
		Debug|x64 = Debug|x64
		Debug|x86 = Debug|x86
		Release|Any CPU = Release|Any CPU
		Release|ARM64 = Release|ARM64
		Release|x64 = Release|x64
		Release|x86 = Release|x86
	EndGlobalSection
	GlobalSection(ProjectConfigurationPlatforms) = postSolution
		{975879D2-788F-4208-8A54-5DD20C714481}.Debug|Any CPU.ActiveCfg = Debug|x64
		{975879D2-788F-4208-8A54-5DD20C714481}.Debug|Any CPU.Build.0 = Debug|x64
		{975879D2-788F-4208-8A54-5DD20C714481}.Debug|ARM64.ActiveCfg = Debug|ARM64
		{975879D2-788F-4208-8A54-5DD20C714481}.Debug|ARM64.Build.0 = Debug|ARM64
		{975879D2-788F-4208-8A54-5DD20C714481}.Debug|x64.ActiveCfg = Debug|x64
		{975879D2-788F-4208-8A54-5DD20C714481}.Debug|x64.Build.0 = Debug|x64
		{975879D2-788F-4208-8A54-5DD20C714481}.Debug|x86.ActiveCfg = Debug|x64
		{975879D2-788F-4208-8A54-5DD20C714481}.Debug|x86.Build.0 = Debug|x64
		{975879D2-788F-4208-8A54-5DD20C714481}.Release|Any CPU.ActiveCfg = Release|x64
		{975879D2-788F-4208-8A54-5DD20C714481}.Release|Any CPU.Build.0 = Release|x64
		{975879D2-788F-4208-8A54-5DD20C714481}.Release|ARM64.ActiveCfg = Release|ARM64
		{975879D2-788F-4208-8A54-5DD20C714481}.Release|ARM64.Build.0 = Release|ARM64
		{975879D2-788F-4208-8A54-5DD20C714481}.Release|x64.ActiveCfg = Release|x64
		{975879D2-788F-4208-8A54-5DD20C714481}.Release|x64.Build.0 = Release|x64
		{975879D2-788F-4208-8A54-5DD20C714481}.Release|x86.ActiveCfg = Release|x64
		{975879D2-788F-4208-8A54-5DD20C714481}.Release|x86.Build.0 = Release|x64
		{A928675B-756F-49A1-8ED0-A2E6688D2DC4}.Debug|Any CPU.ActiveCfg = Debug|x64
		{A928675B-756F-49A1-8ED0-A2E6688D2DC4}.Debug|Any CPU.Build.0 = Debug|x64
		{A928675B-756F-49A1-8ED0-A2E6688D2DC4}.Debug|ARM64.ActiveCfg = Debug|ARM64
		{A928675B-756F-49A1-8ED0-A2E6688D2DC4}.Debug|ARM64.Build.0 = Debug|ARM64
		{A928675B-756F-49A1-8ED0-A2E6688D2DC4}.Debug|x64.ActiveCfg = Debug|x64
		{A928675B-756F-49A1-8ED0-A2E6688D2DC4}.Debug|x64.Build.0 = Debug|x64
		{A928675B-756F-49A1-8ED0-A2E6688D2DC4}.Debug|x86.ActiveCfg = Debug|x64
		{A928675B-756F-49A1-8ED0-A2E6688D2DC4}.Debug|x86.Build.0 = Debug|x64
		{A928675B-756F-49A1-8ED0-A2E6688D2DC4}.Release|Any CPU.ActiveCfg = Release|x64
		{A928675B-756F-49A1-8ED0-A2E6688D2DC4}.Release|Any CPU.Build.0 = Release|x64
		{A928675B-756F-49A1-8ED0-A2E6688D2DC4}.Release|ARM64.ActiveCfg = Release|ARM64
		{A928675B-756F-49A1-8ED0-A2E6688D2DC4}.Release|ARM64.Build.0 = Release|ARM64
		{A928675B-756F-49A1-8ED0-A2E6688D2DC4}.Release|x64.ActiveCfg = Release|x64
		{A928675B-756F-49A1-8ED0-A2E6688D2DC4}.Release|x64.Build.0 = Release|x64
		{A928675B-756F-49A1-8ED0-A2E6688D2DC4}.Release|x86.ActiveCfg = Release|x64
		{A928675B-756F-49A1-8ED0-A2E6688D2DC4}.Release|x86.Build.0 = Release|x64
		{FB1746F7-0D6C-4DBF-8A01-816AA91ABFAD}.Debug|Any CPU.ActiveCfg = Debug|x64
		{FB1746F7-0D6C-4DBF-8A01-816AA91ABFAD}.Debug|Any CPU.Build.0 = Debug|x64
		{FB1746F7-0D6C-4DBF-8A01-816AA91ABFAD}.Debug|ARM64.ActiveCfg = Debug|ARM64
		{FB1746F7-0D6C-4DBF-8A01-816AA91ABFAD}.Debug|ARM64.Build.0 = Debug|ARM64
		{FB1746F7-0D6C-4DBF-8A01-816AA91ABFAD}.Debug|x64.ActiveCfg = Debug|x64
		{FB1746F7-0D6C-4DBF-8A01-816AA91ABFAD}.Debug|x64.Build.0 = Debug|x64
		{FB1746F7-0D6C-4DBF-8A01-816AA91ABFAD}.Debug|x86.ActiveCfg = Debug|x64
		{FB1746F7-0D6C-4DBF-8A01-816AA91ABFAD}.Debug|x86.Build.0 = Debug|x64
		{FB1746F7-0D6C-4DBF-8A01-816AA91ABFAD}.Release|Any CPU.ActiveCfg = Release|x64
		{FB1746F7-0D6C-4DBF-8A01-816AA91ABFAD}.Release|Any CPU.Build.0 = Release|x64
		{FB1746F7-0D6C-4DBF-8A01-816AA91ABFAD}.Release|ARM64.ActiveCfg = Release|ARM64
		{FB1746F7-0D6C-4DBF-8A01-816AA91ABFAD}.Release|ARM64.Build.0 = Release|ARM64
		{FB1746F7-0D6C-4DBF-8A01-816AA91ABFAD}.Release|x64.ActiveCfg = Release|x64
		{FB1746F7-0D6C-4DBF-8A01-816AA91ABFAD}.Release|x64.Build.0 = Release|x64
		{FB1746F7-0D6C-4DBF-8A01-816AA91ABFAD}.Release|x86.ActiveCfg = Release|x64
		{FB1746F7-0D6C-4DBF-8A01-816AA91ABFAD}.Release|x86.Build.0 = Release|x64
	EndGlobalSection
	GlobalSection(SolutionProperties) = preSolution
		HideSolutionNode = FALSE
	EndGlobalSection
EndGlobal
